# This file is automatically @generated by Cargo.
# It is not intended for manual editing.
version = 4

[[package]]
name = "zentty-core"
version = "0.1.0"

[[package]]
name = "zentty-ghostty"
version = "0.1.0"
dependencies = [
 "zentty-ghostty-sys",
]

[[package]]
name = "zentty-ghostty-sys"
version = "0.1.0"

[[package]]
name = "zentty-linux"
version = "0.1.0"
dependencies = [
 "zentty-core",
 "zentty-ghostty",
]

[[package]]
name = "zentty-test-support"
version = "0.1.0"
dependencies = [
 "zentty-core",
 "zentty-ghostty",
]
